# This file is autogenerated, do not edit; changes may be undone by the next 'dep ensure'.


[[projects]]
  name = "github.com/julienschmidt/httprouter"
  packages = ["."]
  revision = "8c199fb6259ffc1af525cc3ad52ee60ba8359669"
  version = "v1.1"

[[projects]]
  name = "gopkg.in/go-playground/validator.v8"
  packages = ["."]
  revision = "7bfad4079388e3aac08d67b91bf381c99605f4d9"
  version = "v8.3"

[solve-meta]
  analyzer-name = "dep"
  analyzer-version = 1
  inputs-digest = "52a565756a6130dd586ca7b7597be941f98330852206ab0f6dd20ada63e7a900"
  solver-name = "gps-cdcl"
  solver-version = 1
